
Microsoft Visual Studio Solution File, Format Version 12.00
# Visual Studio Version 16
VisualStudioVersion = 16.0.31729.503
MinimumVisualStudioVersion = 10.0.40219.1
Project("{FAE04EC0-301F-11D3-BF4B-00C04F79EFBC}") = "09_11_21 lesson", "09_11_21 lesson\09_11_21 lesson.csproj", "{AC1FBD87-BC58-437A-BFE1-502EA6539E14}"
EndProject
Global
	GlobalSection(SolutionConfigurationPlatforms) = preSolution
		Debug|Any CPU = Debug|Any CPU
		Release|Any CPU = Release|Any CPU
	EndGlobalSection
	GlobalSection(ProjectConfigurationPlatforms) = postSolution
		{AC1FBD87-BC58-437A-BFE1-502EA6539E14}.Debug|Any CPU.ActiveCfg = Debug|Any CPU
		{AC1FBD87-BC58-437A-BFE1-502EA6539E14}.Debug|Any CPU.Build.0 = Debug|Any CPU
		{AC1FBD87-BC58-437A-BFE1-502EA6539E14}.Release|Any CPU.ActiveCfg = Release|Any CPU
		{AC1FBD87-BC58-437A-BFE1-502EA6539E14}.Release|Any CPU.Build.0 = Release|Any CPU
	EndGlobalSection
	GlobalSection(SolutionProperties) = preSolution
		HideSolutionNode = FALSE
	EndGlobalSection
	GlobalSection(ExtensibilityGlobals) = postSolution
		SolutionGuid = {571598FE-6641-4E3B-97B5-CD4D52CBAD3D}
	EndGlobalSection
EndGlobal
